{
  "lockfile_version": "1",
  "packages": {
    "github:NixOS/nixpkgs/nixpkgs-unstable": {
      "last_modified": "2026-02-19T06:30:45Z",
      "resolved": "github:NixOS/nixpkgs/724cf38d99ba81fbb4a347081db93e2e3a9bc2ae?lastModified=1771482645&narHash=sha256-MpAKyXfJRDTgRU33Hja%2BG%2B3h9ywLAJJNRq4Pjbb4dQs%3D"
    },
    "nodejs@latest": {
      "last_modified": "2026-02-15T17:45:47Z",
      "plugin_version": "0.0.2",
      "resolved": "github:NixOS/nixpkgs/ac055f38c798b0d87695240c7b761b82fc7e5bc2#nodejs_25",
      "source": "devbox-search",
      "version": "25.6.1",
      "systems": {
        "aarch64-darwin": {
          "outputs": [
            {
              "name": "out",
              "path": "/nix/store/vgk6ggp7fpcpmb2bd1cw8fa7y28dg61n-nodejs-25.6.1",
              "default": true
            },
            {
              "name": "dev",
              "path": "/nix/store/46fvwwp6azfb8jsbgjljkqxwxii965iy-nodejs-25.6.1-dev"
            },
            {
              "name": "libv8",
              "path": "/nix/store/yzs2xnyb6ifm1klkmszv7kj52zgsxqaf-nodejs-25.6.1-libv8"
            }
          ],
          "store_path": "/nix/store/vgk6ggp7fpcpmb2bd1cw8fa7y28dg61n-nodejs-25.6.1"
        },
        "aarch64-linux": {
          "outputs": [
            {
              "name": "out",
              "path": "/nix/store/20azlpkcakhg9qj3p3f4mx50wwmfpkmr-nodejs-25.6.1",
              "default": true
            },
            {
              "name": "dev",
              "path": "/nix/store/1w3y5v72hwn4ab6bfwjf6jy7c3mfhsxm-nodejs-25.6.1-dev"
            },
            {
              "name": "libv8",
              "path": "/nix/store/rkypcfxqvks4fp62fy3idhn7sb65sxyc-nodejs-25.6.1-libv8"
            }
          ],
          "store_path": "/nix/store/20azlpkcakhg9qj3p3f4mx50wwmfpkmr-nodejs-25.6.1"
        },
        "x86_64-darwin": {
          "outputs": [
            {
              "name": "out",
              "path": "/nix/store/j6q14s986fdwzbrjf5ysv7k44wqblh3k-nodejs-25.6.1",
              "default": true
            },
            {
              "name": "dev",
              "path": "/nix/store/cfk24mvg8mpwdp2x94avyjplxv9vv1bm-nodejs-25.6.1-dev"
            },
            {
              "name": "libv8",
              "path": "/nix/store/4z338draskb9qpnb5w9vzfnilr7lkmg0-nodejs-25.6.1-libv8"
            }
          ],
          "store_path": "/nix/store/j6q14s986fdwzbrjf5ysv7k44wqblh3k-nodejs-25.6.1"
        },
        "x86_64-linux": {
          "outputs": [
            {
              "name": "out",
              "path": "/nix/store/6p88z6kk9bkvy0kb994bsc3cri5dwy0w-nodejs-25.6.1",
              "default": true
            },
            {
              "name": "dev",
              "path": "/nix/store/zg703v0kdlv7ngdirphhjvvbf3lndj4i-nodejs-25.6.1-dev"
            },
            {
              "name": "libv8",
              "path": "/nix/store/f4sdxxnkc208az6z8s6jw55xrhzw49wn-nodejs-25.6.1-libv8"
            }
          ],
          "store_path": "/nix/store/6p88z6kk9bkvy0kb994bsc3cri5dwy0w-nodejs-25.6.1"
        }
      }
    },
    "web-ext@latest": {
      "last_modified": "2026-01-23T17:20:52Z",
      "resolved": "github:NixOS/nixpkgs/a1bab9e494f5f4939442a57a58d0449a109593fe#web-ext",
      "source": "devbox-search",
      "version": "8.10.0",
      "systems": {
        "aarch64-darwin": {
          "outputs": [
            {
              "name": "out",
              "path": "/nix/store/y7p34zj58xkkjvscwcwm10fw7wrxrjzc-web-ext-8.10.0",
              "default": true
            }
          ],
          "store_path": "/nix/store/y7p34zj58xkkjvscwcwm10fw7wrxrjzc-web-ext-8.10.0"
        },
        "aarch64-linux": {
          "outputs": [
            {
              "name": "out",
              "path": "/nix/store/qh6f84j7q1mzlcykbzjzf3smvjmfh2dg-web-ext-8.10.0",
              "default": true
            }
          ],
          "store_path": "/nix/store/qh6f84j7q1mzlcykbzjzf3smvjmfh2dg-web-ext-8.10.0"
        },
        "x86_64-darwin": {
          "outputs": [
            {
              "name": "out",
              "path": "/nix/store/xzzydkz7c0vydr0a91mzdj96c844fa0l-web-ext-8.10.0",
              "default": true
            }
          ],
          "store_path": "/nix/store/xzzydkz7c0vydr0a91mzdj96c844fa0l-web-ext-8.10.0"
        },
        "x86_64-linux": {
          "outputs": [
            {
              "name": "out",
              "path": "/nix/store/76cya7qis3y50zvb6xkh70brnbv26v8f-web-ext-8.10.0",
              "default": true
            }
          ],
          "store_path": "/nix/store/76cya7qis3y50zvb6xkh70brnbv26v8f-web-ext-8.10.0"
        }
      }
    }
  }
}
